<?xml version="1.0" encoding="utf-8"?>
<Project ToolsVersion="4.0" xmlns="http://schemas.microsoft.com/developer/msbuild/2003">
  <ItemGroup>
    <Filter Include="Исходные файлы">
      <UniqueIdentifier>{4FC737F1-C7A5-4376-A066-2A32D752A2FF}</UniqueIdentifier>
      <Extensions>cpp;c;cc;cxx;def;odl;idl;hpj;bat;asm;asmx</Extensions>
    </Filter>
    <Filter Include="Файлы заголовков">
      <UniqueIdentifier>{93995380-89BD-4b04-88EB-625FBE52EBFB}</UniqueIdentifier>
      <Extensions>h;hh;hpp;hxx;hm;inl;inc;xsd</Extensions>
    </Filter>
    <Filter Include="Файлы ресурсов">
      <UniqueIdentifier>{67DA6AB6-F800-4c08-8B7A-83BB121AAD01}</UniqueIdentifier>
      <Extensions>rc;ico;cur;bmp;dlg;rc2;rct;bin;rgs;gif;jpg;jpeg;jpe;resx;tiff;tif;png;wav;mfcribbon-ms</Extensions>
    </Filter>
    <Filter Include="units">
      <UniqueIdentifier>{4eee2974-f464-402e-ba5a-cf98ef440ec4}</UniqueIdentifier>
    </Filter>
    <Filter Include="common">
      <UniqueIdentifier>{bf2bb57a-864f-497b-8d3b-a362f7786f3b}</UniqueIdentifier>
    </Filter>
  </ItemGroup>
  <ItemGroup>
    <ClInclude Include="stdafx.h">
      <Filter>Файлы заголовков</Filter>
    </ClInclude>
    <ClInclude Include="targetver.h">
      <Filter>Файлы заголовков</Filter>
    </ClInclude>
    <ClInclude Include="..\..\units\network\address\u_address.h">
      <Filter>units</Filter>
    </ClInclude>
    <ClInclude Include="..\..\units\u_system.h">
      <Filter>common</Filter>
    </ClInclude>
    <ClInclude Include="..\..\units\u_macros.h">
      <Filter>common</Filter>
    </ClInclude>
    <ClInclude Include="..\..\units\u_stdex.h">
      <Filter>common</Filter>
    </ClInclude>
    <ClInclude Include="..\..\units\u_assert.h">
      <Filter>common</Filter>
    </ClInclude>
    <ClInclude Include="..\..\units\u_platform.h">
      <Filter>common</Filter>
    </ClInclude>
    <ClInclude Include="..\..\units\windows\winapi\u_winapi.h">
      <Filter>common</Filter>
    </ClInclude>
    <ClInclude Include="..\..\units\network\u_network.h">
      <Filter>units</Filter>
    </ClInclude>
  </ItemGroup>
  <ItemGroup>
    <ClCompile Include="stdafx.cpp">
      <Filter>Исходные файлы</Filter>
    </ClCompile>
    <ClCompile Include="p_network.cpp">
      <Filter>Исходные файлы</Filter>
    </ClCompile>
    <ClCompile Include="..\..\units\network\address\u_address.cpp">
      <Filter>units</Filter>
    </ClCompile>
    <ClCompile Include="..\..\units\u_platform.cpp">
      <Filter>common</Filter>
    </ClCompile>
    <ClCompile Include="..\..\units\windows\winapi\u_winapi.cpp">
      <Filter>common</Filter>
    </ClCompile>
    <ClCompile Include="..\..\units\u_assert.cpp">
      <Filter>common</Filter>
    </ClCompile>
    <ClCompile Include="..\..\units\u_string.cpp">
      <Filter>common</Filter>
    </ClCompile>
    <ClCompile Include="..\..\units\network\u_network.cpp">
      <Filter>units</Filter>
    </ClCompile>
  </ItemGroup>
</Project>