<?xml version="1.0" encoding="utf-8"?>
<Project ToolsVersion="4.0" xmlns="http://schemas.microsoft.com/developer/msbuild/2003">
  <ItemGroup>
    <Filter Include="Файлы исходного кода">
      <UniqueIdentifier>{4FC737F1-C7A5-4376-A066-2A32D752A2FF}</UniqueIdentifier>
      <Extensions>cpp;c;cc;cxx;def;odl;idl;hpj;bat;asm;asmx</Extensions>
    </Filter>
    <Filter Include="Заголовочные файлы">
      <UniqueIdentifier>{93995380-89BD-4b04-88EB-625FBE52EBFB}</UniqueIdentifier>
      <Extensions>h;hh;hpp;hxx;hm;inl;inc;xsd</Extensions>
    </Filter>
    <Filter Include="Файлы ресурсов">
      <UniqueIdentifier>{67DA6AB6-F800-4c08-8B7A-83BB121AAD01}</UniqueIdentifier>
      <Extensions>rc;ico;cur;bmp;dlg;rc2;rct;bin;rgs;gif;jpg;jpeg;jpe;resx;tiff;tif;png;wav;mfcribbon-ms</Extensions>
    </Filter>
    <Filter Include="units">
      <UniqueIdentifier>{c973c381-143d-4f59-b833-ab3447e43ef2}</UniqueIdentifier>
    </Filter>
    <Filter Include="units\tracer">
      <UniqueIdentifier>{94195e7c-4a9b-4efb-aabe-6daff3ff5ece}</UniqueIdentifier>
    </Filter>
    <Filter Include="units\winapi">
      <UniqueIdentifier>{83403aad-e5b9-455e-948a-f6782dccc8f1}</UniqueIdentifier>
    </Filter>
    <Filter Include="units\convert">
      <UniqueIdentifier>{e78b82eb-74f5-41c4-b95e-e5a382d4ef81}</UniqueIdentifier>
    </Filter>
    <Filter Include="units\string">
      <UniqueIdentifier>{d8ce42d4-ba46-4da6-b173-2875694ed9ff}</UniqueIdentifier>
    </Filter>
    <Filter Include="units\u_exception">
      <UniqueIdentifier>{eef2a420-683f-492c-a5b1-a4a74fbffa54}</UniqueIdentifier>
    </Filter>
    <Filter Include="units\u_process">
      <UniqueIdentifier>{5aefeebf-3014-40cf-8cdd-65d2c24d1ee5}</UniqueIdentifier>
    </Filter>
    <Filter Include="units\ui">
      <UniqueIdentifier>{54ea7609-25be-4254-8989-e8b06df8a3d1}</UniqueIdentifier>
    </Filter>
  </ItemGroup>
  <ItemGroup>
    <ClInclude Include="stdafx.h">
      <Filter>Заголовочные файлы</Filter>
    </ClInclude>
    <ClInclude Include="targetver.h">
      <Filter>Заголовочные файлы</Filter>
    </ClInclude>
    <ClInclude Include="..\..\units\u_system.h">
      <Filter>units</Filter>
    </ClInclude>
    <ClInclude Include="..\..\units\winapi\u_winapi.h">
      <Filter>units\winapi</Filter>
    </ClInclude>
    <ClInclude Include="..\..\units\u_convert.h">
      <Filter>units\convert</Filter>
    </ClInclude>
    <ClInclude Include="..\..\units\u_string.h">
      <Filter>units\string</Filter>
    </ClInclude>
    <ClInclude Include="..\..\units\u_exception.h">
      <Filter>units\u_exception</Filter>
    </ClInclude>
    <ClInclude Include="..\..\units\u_process.h">
      <Filter>units\u_process</Filter>
    </ClInclude>
    <ClInclude Include="..\..\units\ui\u_structs.h">
      <Filter>units\ui</Filter>
    </ClInclude>
    <ClInclude Include="..\..\units\winapi\u_types.h">
      <Filter>units\winapi</Filter>
    </ClInclude>
    <ClInclude Include="..\..\units\u_trace.h">
      <Filter>units\tracer</Filter>
    </ClInclude>
  </ItemGroup>
  <ItemGroup>
    <ClCompile Include="stdafx.cpp">
      <Filter>Файлы исходного кода</Filter>
    </ClCompile>
    <ClCompile Include="p_tracer.cpp">
      <Filter>Файлы исходного кода</Filter>
    </ClCompile>
    <ClCompile Include="..\..\units\winapi\u_winapi.cpp">
      <Filter>units\winapi</Filter>
    </ClCompile>
    <ClCompile Include="..\..\units\u_convert.cpp">
      <Filter>units\convert</Filter>
    </ClCompile>
    <ClCompile Include="..\..\units\u_string.cpp">
      <Filter>units\string</Filter>
    </ClCompile>
    <ClCompile Include="..\..\units\u_exception.cpp">
      <Filter>units\u_exception</Filter>
    </ClCompile>
    <ClCompile Include="..\..\units\u_process.cpp">
      <Filter>units\u_process</Filter>
    </ClCompile>
    <ClCompile Include="..\..\units\ui\u_structs.cpp">
      <Filter>units\ui</Filter>
    </ClCompile>
    <ClCompile Include="..\..\units\u_trace.cpp">
      <Filter>units\tracer</Filter>
    </ClCompile>
  </ItemGroup>
  <ItemGroup>
    <Text Include="readme.txt" />
  </ItemGroup>
</Project>