
Microsoft Visual Studio Solution File, Format Version 11.00
# Visual C++ Express 2010
Project("{8BC9CEB8-8B4A-11D0-8D11-00A0C91BC942}") = "p_test_01", "p_test_01.vcxproj", "{5A4299C0-C59D-4A4F-B88D-2ED48420123A}"
EndProject
Global
	GlobalSection(SolutionConfigurationPlatforms) = preSolution
		Debug|Win32 = Debug|Win32
		Release|Win32 = Release|Win32
	EndGlobalSection
	GlobalSection(ProjectConfigurationPlatforms) = postSolution
		{5A4299C0-C59D-4A4F-B88D-2ED48420123A}.Debug|Win32.ActiveCfg = Debug|Win32
		{5A4299C0-C59D-4A4F-B88D-2ED48420123A}.Debug|Win32.Build.0 = Debug|Win32
		{5A4299C0-C59D-4A4F-B88D-2ED48420123A}.Release|Win32.ActiveCfg = Release|Win32
		{5A4299C0-C59D-4A4F-B88D-2ED48420123A}.Release|Win32.Build.0 = Release|Win32
	EndGlobalSection
	GlobalSection(SolutionProperties) = preSolution
		HideSolutionNode = FALSE
	EndGlobalSection
EndGlobal
